
Microsoft Visual Studio Solution File, Format Version 12.00
# Visual Studio Version 17
VisualStudioVersion = 17.12.35707.178
MinimumVisualStudioVersion = 10.0.40219.1
Project("{8BC9CEB8-8B4A-11D0-8D11-00A0C91BC942}") = "GraphClass", "GraphClass\GraphClass.vcxproj", "{8DFA93C7-99B0-49B1-8A87-210461429744}"
EndProject
Project("{8BC9CEB8-8B4A-11D0-8D11-00A0C91BC942}") = "Task1", "Task1\Task1.vcxproj", "{7DA61F6D-606F-473B-969A-FA3E69481043}"
EndProject
Project("{8BC9CEB8-8B4A-11D0-8D11-00A0C91BC942}") = "Task2", "Task2\Task2.vcxproj", "{7BF6C839-BF4A-4C21-9E4E-0994CFFF2BD2}"
EndProject
Project("{8BC9CEB8-8B4A-11D0-8D11-00A0C91BC942}") = "Task3", "Task3\Task3.vcxproj", "{7737ABFB-2519-4287-9ABB-4369BB8D71E6}"
EndProject
Project("{8BC9CEB8-8B4A-11D0-8D11-00A0C91BC942}") = "Task4", "Task4\Task4.vcxproj", "{43895652-2268-485B-AFA9-3F807A6E3B88}"
EndProject
Project("{8BC9CEB8-8B4A-11D0-8D11-00A0C91BC942}") = "Task5", "Task5\Task5.vcxproj", "{74EDB31A-41A8-44E6-8CF9-2C5C8025660B}"
EndProject
Project("{8BC9CEB8-8B4A-11D0-8D11-00A0C91BC942}") = "Task6", "Task6\Task6.vcxproj", "{95B76583-51C9-4BE9-BD8C-3929A15E5127}"
EndProject
Project("{8BC9CEB8-8B4A-11D0-8D11-00A0C91BC942}") = "Task7", "Task7\Task7.vcxproj", "{6C8F4BF9-035F-446E-8157-A219FAE7F8CB}"
EndProject
Project("{8BC9CEB8-8B4A-11D0-8D11-00A0C91BC942}") = "Task8", "Task8\Task8.vcxproj", "{F34F3A44-1C53-4F05-8CA6-2E3121BC18CD}"
EndProject
Project("{8BC9CEB8-8B4A-11D0-8D11-00A0C91BC942}") = "Task9", "Task9\Task9.vcxproj", "{CE899E1E-56A0-466E-91DD-3BF4B0881143}"
EndProject
Project("{8BC9CEB8-8B4A-11D0-8D11-00A0C91BC942}") = "Task10", "Task10\Task10.vcxproj", "{055C1966-98D8-4A8E-A309-33EDFC9BE295}"
EndProject
Project("{8BC9CEB8-8B4A-11D0-8D11-00A0C91BC942}") = "TaskB", "TaskB\TaskB.vcxproj", "{9CE677B0-5DCE-4AB2-84B1-7CA7C8C17B96}"
EndProject
Project("{8BC9CEB8-8B4A-11D0-8D11-00A0C91BC942}") = "TaskC", "TaskC\TaskC.vcxproj", "{3DF57C43-75F8-49AE-9D8B-FE88CD86C1E5}"
EndProject
Project("{8BC9CEB8-8B4A-11D0-8D11-00A0C91BC942}") = "TaskD", "TaskD\TaskD.vcxproj", "{750AAAF5-C184-4F16-B5C4-14B7A47C2FE9}"
EndProject
Project("{8BC9CEB8-8B4A-11D0-8D11-00A0C91BC942}") = "TaskE", "TaskE\TaskE.vcxproj", "{EEF6036D-3F76-4B31-A1D3-1511CFD80456}"
EndProject
Project("{8BC9CEB8-8B4A-11D0-8D11-00A0C91BC942}") = "TaskF", "TaskF\TaskF.vcxproj", "{3F6FF574-C5FB-4A2C-A676-27B8E727C1FD}"
EndProject
Global
	GlobalSection(SolutionConfigurationPlatforms) = preSolution
		Debug|x64 = Debug|x64
		Debug|x86 = Debug|x86
		Release|x64 = Release|x64
		Release|x86 = Release|x86
	EndGlobalSection
	GlobalSection(ProjectConfigurationPlatforms) = postSolution
		{8DFA93C7-99B0-49B1-8A87-210461429744}.Debug|x64.ActiveCfg = Debug|x64
		{8DFA93C7-99B0-49B1-8A87-210461429744}.Debug|x64.Build.0 = Debug|x64
		{8DFA93C7-99B0-49B1-8A87-210461429744}.Debug|x86.ActiveCfg = Debug|Win32
		{8DFA93C7-99B0-49B1-8A87-210461429744}.Debug|x86.Build.0 = Debug|Win32
		{8DFA93C7-99B0-49B1-8A87-210461429744}.Release|x64.ActiveCfg = Release|x64
		{8DFA93C7-99B0-49B1-8A87-210461429744}.Release|x64.Build.0 = Release|x64
		{8DFA93C7-99B0-49B1-8A87-210461429744}.Release|x86.ActiveCfg = Release|Win32
		{8DFA93C7-99B0-49B1-8A87-210461429744}.Release|x86.Build.0 = Release|Win32
		{7DA61F6D-606F-473B-969A-FA3E69481043}.Debug|x64.ActiveCfg = Debug|x64
		{7DA61F6D-606F-473B-969A-FA3E69481043}.Debug|x64.Build.0 = Debug|x64
		{7DA61F6D-606F-473B-969A-FA3E69481043}.Debug|x86.ActiveCfg = Debug|Win32
		{7DA61F6D-606F-473B-969A-FA3E69481043}.Debug|x86.Build.0 = Debug|Win32
		{7DA61F6D-606F-473B-969A-FA3E69481043}.Release|x64.ActiveCfg = Release|x64
		{7DA61F6D-606F-473B-969A-FA3E69481043}.Release|x64.Build.0 = Release|x64
		{7DA61F6D-606F-473B-969A-FA3E69481043}.Release|x86.ActiveCfg = Release|Win32
		{7DA61F6D-606F-473B-969A-FA3E69481043}.Release|x86.Build.0 = Release|Win32
		{7BF6C839-BF4A-4C21-9E4E-0994CFFF2BD2}.Debug|x64.ActiveCfg = Debug|x64
		{7BF6C839-BF4A-4C21-9E4E-0994CFFF2BD2}.Debug|x64.Build.0 = Debug|x64
		{7BF6C839-BF4A-4C21-9E4E-0994CFFF2BD2}.Debug|x86.ActiveCfg = Debug|Win32
		{7BF6C839-BF4A-4C21-9E4E-0994CFFF2BD2}.Debug|x86.Build.0 = Debug|Win32
		{7BF6C839-BF4A-4C21-9E4E-0994CFFF2BD2}.Release|x64.ActiveCfg = Release|x64
		{7BF6C839-BF4A-4C21-9E4E-0994CFFF2BD2}.Release|x64.Build.0 = Release|x64
		{7BF6C839-BF4A-4C21-9E4E-0994CFFF2BD2}.Release|x86.ActiveCfg = Release|Win32
		{7BF6C839-BF4A-4C21-9E4E-0994CFFF2BD2}.Release|x86.Build.0 = Release|Win32
		{7737ABFB-2519-4287-9ABB-4369BB8D71E6}.Debug|x64.ActiveCfg = Debug|x64
		{7737ABFB-2519-4287-9ABB-4369BB8D71E6}.Debug|x64.Build.0 = Debug|x64
		{7737ABFB-2519-4287-9ABB-4369BB8D71E6}.Debug|x86.ActiveCfg = Debug|Win32
		{7737ABFB-2519-4287-9ABB-4369BB8D71E6}.Debug|x86.Build.0 = Debug|Win32
		{7737ABFB-2519-4287-9ABB-4369BB8D71E6}.Release|x64.ActiveCfg = Release|x64
		{7737ABFB-2519-4287-9ABB-4369BB8D71E6}.Release|x64.Build.0 = Release|x64
		{7737ABFB-2519-4287-9ABB-4369BB8D71E6}.Release|x86.ActiveCfg = Release|Win32
		{7737ABFB-2519-4287-9ABB-4369BB8D71E6}.Release|x86.Build.0 = Release|Win32
		{43895652-2268-485B-AFA9-3F807A6E3B88}.Debug|x64.ActiveCfg = Debug|x64
		{43895652-2268-485B-AFA9-3F807A6E3B88}.Debug|x64.Build.0 = Debug|x64
		{43895652-2268-485B-AFA9-3F807A6E3B88}.Debug|x86.ActiveCfg = Debug|Win32
		{43895652-2268-485B-AFA9-3F807A6E3B88}.Debug|x86.Build.0 = Debug|Win32
		{43895652-2268-485B-AFA9-3F807A6E3B88}.Release|x64.ActiveCfg = Release|x64
		{43895652-2268-485B-AFA9-3F807A6E3B88}.Release|x64.Build.0 = Release|x64
		{43895652-2268-485B-AFA9-3F807A6E3B88}.Release|x86.ActiveCfg = Release|Win32
		{43895652-2268-485B-AFA9-3F807A6E3B88}.Release|x86.Build.0 = Release|Win32
		{74EDB31A-41A8-44E6-8CF9-2C5C8025660B}.Debug|x64.ActiveCfg = Debug|x64
		{74EDB31A-41A8-44E6-8CF9-2C5C8025660B}.Debug|x64.Build.0 = Debug|x64
		{74EDB31A-41A8-44E6-8CF9-2C5C8025660B}.Debug|x86.ActiveCfg = Debug|Win32
		{74EDB31A-41A8-44E6-8CF9-2C5C8025660B}.Debug|x86.Build.0 = Debug|Win32
		{74EDB31A-41A8-44E6-8CF9-2C5C8025660B}.Release|x64.ActiveCfg = Release|x64
		{74EDB31A-41A8-44E6-8CF9-2C5C8025660B}.Release|x64.Build.0 = Release|x64
		{74EDB31A-41A8-44E6-8CF9-2C5C8025660B}.Release|x86.ActiveCfg = Release|Win32
		{74EDB31A-41A8-44E6-8CF9-2C5C8025660B}.Release|x86.Build.0 = Release|Win32
		{95B76583-51C9-4BE9-BD8C-3929A15E5127}.Debug|x64.ActiveCfg = Debug|x64
		{95B76583-51C9-4BE9-BD8C-3929A15E5127}.Debug|x64.Build.0 = Debug|x64
		{95B76583-51C9-4BE9-BD8C-3929A15E5127}.Debug|x86.ActiveCfg = Debug|Win32
		{95B76583-51C9-4BE9-BD8C-3929A15E5127}.Debug|x86.Build.0 = Debug|Win32
		{95B76583-51C9-4BE9-BD8C-3929A15E5127}.Release|x64.ActiveCfg = Release|x64
		{95B76583-51C9-4BE9-BD8C-3929A15E5127}.Release|x64.Build.0 = Release|x64
		{95B76583-51C9-4BE9-BD8C-3929A15E5127}.Release|x86.ActiveCfg = Release|Win32
		{95B76583-51C9-4BE9-BD8C-3929A15E5127}.Release|x86.Build.0 = Release|Win32
		{6C8F4BF9-035F-446E-8157-A219FAE7F8CB}.Debug|x64.ActiveCfg = Debug|x64
		{6C8F4BF9-035F-446E-8157-A219FAE7F8CB}.Debug|x64.Build.0 = Debug|x64
		{6C8F4BF9-035F-446E-8157-A219FAE7F8CB}.Debug|x86.ActiveCfg = Debug|Win32
		{6C8F4BF9-035F-446E-8157-A219FAE7F8CB}.Debug|x86.Build.0 = Debug|Win32
		{6C8F4BF9-035F-446E-8157-A219FAE7F8CB}.Release|x64.ActiveCfg = Release|x64
		{6C8F4BF9-035F-446E-8157-A219FAE7F8CB}.Release|x64.Build.0 = Release|x64
		{6C8F4BF9-035F-446E-8157-A219FAE7F8CB}.Release|x86.ActiveCfg = Release|Win32
		{6C8F4BF9-035F-446E-8157-A219FAE7F8CB}.Release|x86.Build.0 = Release|Win32
		{F34F3A44-1C53-4F05-8CA6-2E3121BC18CD}.Debug|x64.ActiveCfg = Debug|x64
		{F34F3A44-1C53-4F05-8CA6-2E3121BC18CD}.Debug|x64.Build.0 = Debug|x64
		{F34F3A44-1C53-4F05-8CA6-2E3121BC18CD}.Debug|x86.ActiveCfg = Debug|Win32
		{F34F3A44-1C53-4F05-8CA6-2E3121BC18CD}.Debug|x86.Build.0 = Debug|Win32
		{F34F3A44-1C53-4F05-8CA6-2E3121BC18CD}.Release|x64.ActiveCfg = Release|x64
		{F34F3A44-1C53-4F05-8CA6-2E3121BC18CD}.Release|x64.Build.0 = Release|x64
		{F34F3A44-1C53-4F05-8CA6-2E3121BC18CD}.Release|x86.ActiveCfg = Release|Win32
		{F34F3A44-1C53-4F05-8CA6-2E3121BC18CD}.Release|x86.Build.0 = Release|Win32
		{CE899E1E-56A0-466E-91DD-3BF4B0881143}.Debug|x64.ActiveCfg = Debug|x64
		{CE899E1E-56A0-466E-91DD-3BF4B0881143}.Debug|x64.Build.0 = Debug|x64
		{CE899E1E-56A0-466E-91DD-3BF4B0881143}.Debug|x86.ActiveCfg = Debug|Win32
		{CE899E1E-56A0-466E-91DD-3BF4B0881143}.Debug|x86.Build.0 = Debug|Win32
		{CE899E1E-56A0-466E-91DD-3BF4B0881143}.Release|x64.ActiveCfg = Release|x64
		{CE899E1E-56A0-466E-91DD-3BF4B0881143}.Release|x64.Build.0 = Release|x64
		{CE899E1E-56A0-466E-91DD-3BF4B0881143}.Release|x86.ActiveCfg = Release|Win32
		{CE899E1E-56A0-466E-91DD-3BF4B0881143}.Release|x86.Build.0 = Release|Win32
		{055C1966-98D8-4A8E-A309-33EDFC9BE295}.Debug|x64.ActiveCfg = Debug|x64
		{055C1966-98D8-4A8E-A309-33EDFC9BE295}.Debug|x64.Build.0 = Debug|x64
		{055C1966-98D8-4A8E-A309-33EDFC9BE295}.Debug|x86.ActiveCfg = Debug|Win32
		{055C1966-98D8-4A8E-A309-33EDFC9BE295}.Debug|x86.Build.0 = Debug|Win32
		{055C1966-98D8-4A8E-A309-33EDFC9BE295}.Release|x64.ActiveCfg = Release|x64
		{055C1966-98D8-4A8E-A309-33EDFC9BE295}.Release|x64.Build.0 = Release|x64
		{055C1966-98D8-4A8E-A309-33EDFC9BE295}.Release|x86.ActiveCfg = Release|Win32
		{055C1966-98D8-4A8E-A309-33EDFC9BE295}.Release|x86.Build.0 = Release|Win32
		{9CE677B0-5DCE-4AB2-84B1-7CA7C8C17B96}.Debug|x64.ActiveCfg = Debug|x64
		{9CE677B0-5DCE-4AB2-84B1-7CA7C8C17B96}.Debug|x64.Build.0 = Debug|x64
		{9CE677B0-5DCE-4AB2-84B1-7CA7C8C17B96}.Debug|x86.ActiveCfg = Debug|Win32
		{9CE677B0-5DCE-4AB2-84B1-7CA7C8C17B96}.Debug|x86.Build.0 = Debug|Win32
		{9CE677B0-5DCE-4AB2-84B1-7CA7C8C17B96}.Release|x64.ActiveCfg = Release|x64
		{9CE677B0-5DCE-4AB2-84B1-7CA7C8C17B96}.Release|x64.Build.0 = Release|x64
		{9CE677B0-5DCE-4AB2-84B1-7CA7C8C17B96}.Release|x86.ActiveCfg = Release|Win32
		{9CE677B0-5DCE-4AB2-84B1-7CA7C8C17B96}.Release|x86.Build.0 = Release|Win32
		{3DF57C43-75F8-49AE-9D8B-FE88CD86C1E5}.Debug|x64.ActiveCfg = Debug|x64
		{3DF57C43-75F8-49AE-9D8B-FE88CD86C1E5}.Debug|x64.Build.0 = Debug|x64
		{3DF57C43-75F8-49AE-9D8B-FE88CD86C1E5}.Debug|x86.ActiveCfg = Debug|Win32
		{3DF57C43-75F8-49AE-9D8B-FE88CD86C1E5}.Debug|x86.Build.0 = Debug|Win32
		{3DF57C43-75F8-49AE-9D8B-FE88CD86C1E5}.Release|x64.ActiveCfg = Release|x64
		{3DF57C43-75F8-49AE-9D8B-FE88CD86C1E5}.Release|x64.Build.0 = Release|x64
		{3DF57C43-75F8-49AE-9D8B-FE88CD86C1E5}.Release|x86.ActiveCfg = Release|Win32
		{3DF57C43-75F8-49AE-9D8B-FE88CD86C1E5}.Release|x86.Build.0 = Release|Win32
		{750AAAF5-C184-4F16-B5C4-14B7A47C2FE9}.Debug|x64.ActiveCfg = Debug|x64
		{750AAAF5-C184-4F16-B5C4-14B7A47C2FE9}.Debug|x64.Build.0 = Debug|x64
		{750AAAF5-C184-4F16-B5C4-14B7A47C2FE9}.Debug|x86.ActiveCfg = Debug|Win32
		{750AAAF5-C184-4F16-B5C4-14B7A47C2FE9}.Debug|x86.Build.0 = Debug|Win32
		{750AAAF5-C184-4F16-B5C4-14B7A47C2FE9}.Release|x64.ActiveCfg = Release|x64
		{750AAAF5-C184-4F16-B5C4-14B7A47C2FE9}.Release|x64.Build.0 = Release|x64
		{750AAAF5-C184-4F16-B5C4-14B7A47C2FE9}.Release|x86.ActiveCfg = Release|Win32
		{750AAAF5-C184-4F16-B5C4-14B7A47C2FE9}.Release|x86.Build.0 = Release|Win32
		{EEF6036D-3F76-4B31-A1D3-1511CFD80456}.Debug|x64.ActiveCfg = Debug|x64
		{EEF6036D-3F76-4B31-A1D3-1511CFD80456}.Debug|x64.Build.0 = Debug|x64
		{EEF6036D-3F76-4B31-A1D3-1511CFD80456}.Debug|x86.ActiveCfg = Debug|Win32
		{EEF6036D-3F76-4B31-A1D3-1511CFD80456}.Debug|x86.Build.0 = Debug|Win32
		{EEF6036D-3F76-4B31-A1D3-1511CFD80456}.Release|x64.ActiveCfg = Release|x64
		{EEF6036D-3F76-4B31-A1D3-1511CFD80456}.Release|x64.Build.0 = Release|x64
		{EEF6036D-3F76-4B31-A1D3-1511CFD80456}.Release|x86.ActiveCfg = Release|Win32
		{EEF6036D-3F76-4B31-A1D3-1511CFD80456}.Release|x86.Build.0 = Release|Win32
		{3F6FF574-C5FB-4A2C-A676-27B8E727C1FD}.Debug|x64.ActiveCfg = Debug|x64
		{3F6FF574-C5FB-4A2C-A676-27B8E727C1FD}.Debug|x64.Build.0 = Debug|x64
		{3F6FF574-C5FB-4A2C-A676-27B8E727C1FD}.Debug|x86.ActiveCfg = Debug|Win32
		{3F6FF574-C5FB-4A2C-A676-27B8E727C1FD}.Debug|x86.Build.0 = Debug|Win32
		{3F6FF574-C5FB-4A2C-A676-27B8E727C1FD}.Release|x64.ActiveCfg = Release|x64
		{3F6FF574-C5FB-4A2C-A676-27B8E727C1FD}.Release|x64.Build.0 = Release|x64
		{3F6FF574-C5FB-4A2C-A676-27B8E727C1FD}.Release|x86.ActiveCfg = Release|Win32
		{3F6FF574-C5FB-4A2C-A676-27B8E727C1FD}.Release|x86.Build.0 = Release|Win32
	EndGlobalSection
	GlobalSection(SolutionProperties) = preSolution
		HideSolutionNode = FALSE
	EndGlobalSection
EndGlobal
