
Microsoft Visual Studio Solution File, Format Version 12.00
# Visual Studio Version 17
VisualStudioVersion = 17.12.35707.178 d17.12
MinimumVisualStudioVersion = 10.0.40219.1
Project("{8BC9CEB8-8B4A-11D0-8D11-00A0C91BC942}") = "Task1A", "Task1A\Task1A.vcxproj", "{0FD4CE23-66D1-445C-88FE-F4229F2B0101}"
EndProject
Project("{8BC9CEB8-8B4A-11D0-8D11-00A0C91BC942}") = "Task1B", "Task1B\Task1B.vcxproj", "{A8BB51B4-A04C-4845-B677-5D788CE4638E}"
EndProject
Project("{8BC9CEB8-8B4A-11D0-8D11-00A0C91BC942}") = "Task1C", "Task1C\Task1C.vcxproj", "{E7796FF3-FA02-44E1-BB00-B04B49B0502E}"
EndProject
Project("{8BC9CEB8-8B4A-11D0-8D11-00A0C91BC942}") = "Task1D", "Task1D\Task1D.vcxproj", "{6B07E3FE-2F87-4273-82C9-073B1AA0912A}"
EndProject
Project("{8BC9CEB8-8B4A-11D0-8D11-00A0C91BC942}") = "Task1E", "Task1E\Task1E.vcxproj", "{2510B7D0-7E4E-44A9-90DA-D24BB97D035D}"
EndProject
Project("{8BC9CEB8-8B4A-11D0-8D11-00A0C91BC942}") = "Task1F", "Task1F\Task1F.vcxproj", "{E42D3BD8-6C2F-4C0F-84FE-FCAC021418DF}"
EndProject
Project("{8BC9CEB8-8B4A-11D0-8D11-00A0C91BC942}") = "Task1G", "Task1G\Task1G.vcxproj", "{362E95B4-4509-41E9-AF86-93A3B6A11F46}"
EndProject
Project("{8BC9CEB8-8B4A-11D0-8D11-00A0C91BC942}") = "Task1H", "Task1H\Task1H.vcxproj", "{BB4213AE-8E7E-4FBC-9C0E-A3F35F874838}"
EndProject
Project("{8BC9CEB8-8B4A-11D0-8D11-00A0C91BC942}") = "Task2A", "Task2A\Task2A.vcxproj", "{E101290E-FC8F-432C-A1FF-7A664B1656CE}"
EndProject
Project("{8BC9CEB8-8B4A-11D0-8D11-00A0C91BC942}") = "Task2B", "Task2B\Task2B.vcxproj", "{E738B5E6-51CE-4A40-9308-306FCA0F73B7}"
EndProject
Project("{8BC9CEB8-8B4A-11D0-8D11-00A0C91BC942}") = "Task2C", "Task2C\Task2C.vcxproj", "{CE4190C9-E001-4A27-B732-A845F632B532}"
EndProject
Project("{8BC9CEB8-8B4A-11D0-8D11-00A0C91BC942}") = "Task2D", "Task2D\Task2D.vcxproj", "{E6D03E8D-9D8F-4A17-85FB-2A0E85B68D6E}"
EndProject
Project("{8BC9CEB8-8B4A-11D0-8D11-00A0C91BC942}") = "Task3A", "Task3A\Task3A.vcxproj", "{9420B136-D974-439B-BECE-6A0638B92B1D}"
EndProject
Project("{8BC9CEB8-8B4A-11D0-8D11-00A0C91BC942}") = "Task3B", "Task3B\Task3B.vcxproj", "{EDB4F246-4DE6-47FD-996E-671DC7E4361B}"
EndProject
Project("{8BC9CEB8-8B4A-11D0-8D11-00A0C91BC942}") = "Task3C", "Task3C\Task3C.vcxproj", "{3E911EBE-0D7C-47D8-B2B5-5D4611151FE8}"
EndProject
Project("{8BC9CEB8-8B4A-11D0-8D11-00A0C91BC942}") = "Task3D", "Task3D\Task3D.vcxproj", "{5884F088-97F1-4D64-8A19-24989CB4D0CF}"
EndProject
Project("{8BC9CEB8-8B4A-11D0-8D11-00A0C91BC942}") = "Task4A", "Task4A\Task4A.vcxproj", "{553F6A9E-F4B1-4613-B3BF-D318A22A4C2A}"
EndProject
Global
	GlobalSection(SolutionConfigurationPlatforms) = preSolution
		Debug|x64 = Debug|x64
		Debug|x86 = Debug|x86
		Release|x64 = Release|x64
		Release|x86 = Release|x86
	EndGlobalSection
	GlobalSection(ProjectConfigurationPlatforms) = postSolution
		{0FD4CE23-66D1-445C-88FE-F4229F2B0101}.Debug|x64.ActiveCfg = Debug|x64
		{0FD4CE23-66D1-445C-88FE-F4229F2B0101}.Debug|x64.Build.0 = Debug|x64
		{0FD4CE23-66D1-445C-88FE-F4229F2B0101}.Debug|x86.ActiveCfg = Debug|Win32
		{0FD4CE23-66D1-445C-88FE-F4229F2B0101}.Debug|x86.Build.0 = Debug|Win32
		{0FD4CE23-66D1-445C-88FE-F4229F2B0101}.Release|x64.ActiveCfg = Release|x64
		{0FD4CE23-66D1-445C-88FE-F4229F2B0101}.Release|x64.Build.0 = Release|x64
		{0FD4CE23-66D1-445C-88FE-F4229F2B0101}.Release|x86.ActiveCfg = Release|Win32
		{0FD4CE23-66D1-445C-88FE-F4229F2B0101}.Release|x86.Build.0 = Release|Win32
		{A8BB51B4-A04C-4845-B677-5D788CE4638E}.Debug|x64.ActiveCfg = Debug|x64
		{A8BB51B4-A04C-4845-B677-5D788CE4638E}.Debug|x64.Build.0 = Debug|x64
		{A8BB51B4-A04C-4845-B677-5D788CE4638E}.Debug|x86.ActiveCfg = Debug|Win32
		{A8BB51B4-A04C-4845-B677-5D788CE4638E}.Debug|x86.Build.0 = Debug|Win32
		{A8BB51B4-A04C-4845-B677-5D788CE4638E}.Release|x64.ActiveCfg = Release|x64
		{A8BB51B4-A04C-4845-B677-5D788CE4638E}.Release|x64.Build.0 = Release|x64
		{A8BB51B4-A04C-4845-B677-5D788CE4638E}.Release|x86.ActiveCfg = Release|Win32
		{A8BB51B4-A04C-4845-B677-5D788CE4638E}.Release|x86.Build.0 = Release|Win32
		{E7796FF3-FA02-44E1-BB00-B04B49B0502E}.Debug|x64.ActiveCfg = Debug|x64
		{E7796FF3-FA02-44E1-BB00-B04B49B0502E}.Debug|x64.Build.0 = Debug|x64
		{E7796FF3-FA02-44E1-BB00-B04B49B0502E}.Debug|x86.ActiveCfg = Debug|Win32
		{E7796FF3-FA02-44E1-BB00-B04B49B0502E}.Debug|x86.Build.0 = Debug|Win32
		{E7796FF3-FA02-44E1-BB00-B04B49B0502E}.Release|x64.ActiveCfg = Release|x64
		{E7796FF3-FA02-44E1-BB00-B04B49B0502E}.Release|x64.Build.0 = Release|x64
		{E7796FF3-FA02-44E1-BB00-B04B49B0502E}.Release|x86.ActiveCfg = Release|Win32
		{E7796FF3-FA02-44E1-BB00-B04B49B0502E}.Release|x86.Build.0 = Release|Win32
		{6B07E3FE-2F87-4273-82C9-073B1AA0912A}.Debug|x64.ActiveCfg = Debug|x64
		{6B07E3FE-2F87-4273-82C9-073B1AA0912A}.Debug|x64.Build.0 = Debug|x64
		{6B07E3FE-2F87-4273-82C9-073B1AA0912A}.Debug|x86.ActiveCfg = Debug|Win32
		{6B07E3FE-2F87-4273-82C9-073B1AA0912A}.Debug|x86.Build.0 = Debug|Win32
		{6B07E3FE-2F87-4273-82C9-073B1AA0912A}.Release|x64.ActiveCfg = Release|x64
		{6B07E3FE-2F87-4273-82C9-073B1AA0912A}.Release|x64.Build.0 = Release|x64
		{6B07E3FE-2F87-4273-82C9-073B1AA0912A}.Release|x86.ActiveCfg = Release|Win32
		{6B07E3FE-2F87-4273-82C9-073B1AA0912A}.Release|x86.Build.0 = Release|Win32
		{2510B7D0-7E4E-44A9-90DA-D24BB97D035D}.Debug|x64.ActiveCfg = Debug|x64
		{2510B7D0-7E4E-44A9-90DA-D24BB97D035D}.Debug|x64.Build.0 = Debug|x64
		{2510B7D0-7E4E-44A9-90DA-D24BB97D035D}.Debug|x86.ActiveCfg = Debug|Win32
		{2510B7D0-7E4E-44A9-90DA-D24BB97D035D}.Debug|x86.Build.0 = Debug|Win32
		{2510B7D0-7E4E-44A9-90DA-D24BB97D035D}.Release|x64.ActiveCfg = Release|x64
		{2510B7D0-7E4E-44A9-90DA-D24BB97D035D}.Release|x64.Build.0 = Release|x64
		{2510B7D0-7E4E-44A9-90DA-D24BB97D035D}.Release|x86.ActiveCfg = Release|Win32
		{2510B7D0-7E4E-44A9-90DA-D24BB97D035D}.Release|x86.Build.0 = Release|Win32
		{E42D3BD8-6C2F-4C0F-84FE-FCAC021418DF}.Debug|x64.ActiveCfg = Debug|x64
		{E42D3BD8-6C2F-4C0F-84FE-FCAC021418DF}.Debug|x64.Build.0 = Debug|x64
		{E42D3BD8-6C2F-4C0F-84FE-FCAC021418DF}.Debug|x86.ActiveCfg = Debug|Win32
		{E42D3BD8-6C2F-4C0F-84FE-FCAC021418DF}.Debug|x86.Build.0 = Debug|Win32
		{E42D3BD8-6C2F-4C0F-84FE-FCAC021418DF}.Release|x64.ActiveCfg = Release|x64
		{E42D3BD8-6C2F-4C0F-84FE-FCAC021418DF}.Release|x64.Build.0 = Release|x64
		{E42D3BD8-6C2F-4C0F-84FE-FCAC021418DF}.Release|x86.ActiveCfg = Release|Win32
		{E42D3BD8-6C2F-4C0F-84FE-FCAC021418DF}.Release|x86.Build.0 = Release|Win32
		{362E95B4-4509-41E9-AF86-93A3B6A11F46}.Debug|x64.ActiveCfg = Debug|x64
		{362E95B4-4509-41E9-AF86-93A3B6A11F46}.Debug|x64.Build.0 = Debug|x64
		{362E95B4-4509-41E9-AF86-93A3B6A11F46}.Debug|x86.ActiveCfg = Debug|Win32
		{362E95B4-4509-41E9-AF86-93A3B6A11F46}.Debug|x86.Build.0 = Debug|Win32
		{362E95B4-4509-41E9-AF86-93A3B6A11F46}.Release|x64.ActiveCfg = Release|x64
		{362E95B4-4509-41E9-AF86-93A3B6A11F46}.Release|x64.Build.0 = Release|x64
		{362E95B4-4509-41E9-AF86-93A3B6A11F46}.Release|x86.ActiveCfg = Release|Win32
		{362E95B4-4509-41E9-AF86-93A3B6A11F46}.Release|x86.Build.0 = Release|Win32
		{BB4213AE-8E7E-4FBC-9C0E-A3F35F874838}.Debug|x64.ActiveCfg = Debug|x64
		{BB4213AE-8E7E-4FBC-9C0E-A3F35F874838}.Debug|x64.Build.0 = Debug|x64
		{BB4213AE-8E7E-4FBC-9C0E-A3F35F874838}.Debug|x86.ActiveCfg = Debug|Win32
		{BB4213AE-8E7E-4FBC-9C0E-A3F35F874838}.Debug|x86.Build.0 = Debug|Win32
		{BB4213AE-8E7E-4FBC-9C0E-A3F35F874838}.Release|x64.ActiveCfg = Release|x64
		{BB4213AE-8E7E-4FBC-9C0E-A3F35F874838}.Release|x64.Build.0 = Release|x64
		{BB4213AE-8E7E-4FBC-9C0E-A3F35F874838}.Release|x86.ActiveCfg = Release|Win32
		{BB4213AE-8E7E-4FBC-9C0E-A3F35F874838}.Release|x86.Build.0 = Release|Win32
		{E101290E-FC8F-432C-A1FF-7A664B1656CE}.Debug|x64.ActiveCfg = Debug|x64
		{E101290E-FC8F-432C-A1FF-7A664B1656CE}.Debug|x64.Build.0 = Debug|x64
		{E101290E-FC8F-432C-A1FF-7A664B1656CE}.Debug|x86.ActiveCfg = Debug|Win32
		{E101290E-FC8F-432C-A1FF-7A664B1656CE}.Debug|x86.Build.0 = Debug|Win32
		{E101290E-FC8F-432C-A1FF-7A664B1656CE}.Release|x64.ActiveCfg = Release|x64
		{E101290E-FC8F-432C-A1FF-7A664B1656CE}.Release|x64.Build.0 = Release|x64
		{E101290E-FC8F-432C-A1FF-7A664B1656CE}.Release|x86.ActiveCfg = Release|Win32
		{E101290E-FC8F-432C-A1FF-7A664B1656CE}.Release|x86.Build.0 = Release|Win32
		{E738B5E6-51CE-4A40-9308-306FCA0F73B7}.Debug|x64.ActiveCfg = Debug|x64
		{E738B5E6-51CE-4A40-9308-306FCA0F73B7}.Debug|x64.Build.0 = Debug|x64
		{E738B5E6-51CE-4A40-9308-306FCA0F73B7}.Debug|x86.ActiveCfg = Debug|Win32
		{E738B5E6-51CE-4A40-9308-306FCA0F73B7}.Debug|x86.Build.0 = Debug|Win32
		{E738B5E6-51CE-4A40-9308-306FCA0F73B7}.Release|x64.ActiveCfg = Release|x64
		{E738B5E6-51CE-4A40-9308-306FCA0F73B7}.Release|x64.Build.0 = Release|x64
		{E738B5E6-51CE-4A40-9308-306FCA0F73B7}.Release|x86.ActiveCfg = Release|Win32
		{E738B5E6-51CE-4A40-9308-306FCA0F73B7}.Release|x86.Build.0 = Release|Win32
		{CE4190C9-E001-4A27-B732-A845F632B532}.Debug|x64.ActiveCfg = Debug|x64
		{CE4190C9-E001-4A27-B732-A845F632B532}.Debug|x64.Build.0 = Debug|x64
		{CE4190C9-E001-4A27-B732-A845F632B532}.Debug|x86.ActiveCfg = Debug|Win32
		{CE4190C9-E001-4A27-B732-A845F632B532}.Debug|x86.Build.0 = Debug|Win32
		{CE4190C9-E001-4A27-B732-A845F632B532}.Release|x64.ActiveCfg = Release|x64
		{CE4190C9-E001-4A27-B732-A845F632B532}.Release|x64.Build.0 = Release|x64
		{CE4190C9-E001-4A27-B732-A845F632B532}.Release|x86.ActiveCfg = Release|Win32
		{CE4190C9-E001-4A27-B732-A845F632B532}.Release|x86.Build.0 = Release|Win32
		{E6D03E8D-9D8F-4A17-85FB-2A0E85B68D6E}.Debug|x64.ActiveCfg = Debug|x64
		{E6D03E8D-9D8F-4A17-85FB-2A0E85B68D6E}.Debug|x64.Build.0 = Debug|x64
		{E6D03E8D-9D8F-4A17-85FB-2A0E85B68D6E}.Debug|x86.ActiveCfg = Debug|Win32
		{E6D03E8D-9D8F-4A17-85FB-2A0E85B68D6E}.Debug|x86.Build.0 = Debug|Win32
		{E6D03E8D-9D8F-4A17-85FB-2A0E85B68D6E}.Release|x64.ActiveCfg = Release|x64
		{E6D03E8D-9D8F-4A17-85FB-2A0E85B68D6E}.Release|x64.Build.0 = Release|x64
		{E6D03E8D-9D8F-4A17-85FB-2A0E85B68D6E}.Release|x86.ActiveCfg = Release|Win32
		{E6D03E8D-9D8F-4A17-85FB-2A0E85B68D6E}.Release|x86.Build.0 = Release|Win32
		{9420B136-D974-439B-BECE-6A0638B92B1D}.Debug|x64.ActiveCfg = Debug|x64
		{9420B136-D974-439B-BECE-6A0638B92B1D}.Debug|x64.Build.0 = Debug|x64
		{9420B136-D974-439B-BECE-6A0638B92B1D}.Debug|x86.ActiveCfg = Debug|Win32
		{9420B136-D974-439B-BECE-6A0638B92B1D}.Debug|x86.Build.0 = Debug|Win32
		{9420B136-D974-439B-BECE-6A0638B92B1D}.Release|x64.ActiveCfg = Release|x64
		{9420B136-D974-439B-BECE-6A0638B92B1D}.Release|x64.Build.0 = Release|x64
		{9420B136-D974-439B-BECE-6A0638B92B1D}.Release|x86.ActiveCfg = Release|Win32
		{9420B136-D974-439B-BECE-6A0638B92B1D}.Release|x86.Build.0 = Release|Win32
		{EDB4F246-4DE6-47FD-996E-671DC7E4361B}.Debug|x64.ActiveCfg = Debug|x64
		{EDB4F246-4DE6-47FD-996E-671DC7E4361B}.Debug|x64.Build.0 = Debug|x64
		{EDB4F246-4DE6-47FD-996E-671DC7E4361B}.Debug|x86.ActiveCfg = Debug|Win32
		{EDB4F246-4DE6-47FD-996E-671DC7E4361B}.Debug|x86.Build.0 = Debug|Win32
		{EDB4F246-4DE6-47FD-996E-671DC7E4361B}.Release|x64.ActiveCfg = Release|x64
		{EDB4F246-4DE6-47FD-996E-671DC7E4361B}.Release|x64.Build.0 = Release|x64
		{EDB4F246-4DE6-47FD-996E-671DC7E4361B}.Release|x86.ActiveCfg = Release|Win32
		{EDB4F246-4DE6-47FD-996E-671DC7E4361B}.Release|x86.Build.0 = Release|Win32
		{3E911EBE-0D7C-47D8-B2B5-5D4611151FE8}.Debug|x64.ActiveCfg = Debug|x64
		{3E911EBE-0D7C-47D8-B2B5-5D4611151FE8}.Debug|x64.Build.0 = Debug|x64
		{3E911EBE-0D7C-47D8-B2B5-5D4611151FE8}.Debug|x86.ActiveCfg = Debug|Win32
		{3E911EBE-0D7C-47D8-B2B5-5D4611151FE8}.Debug|x86.Build.0 = Debug|Win32
		{3E911EBE-0D7C-47D8-B2B5-5D4611151FE8}.Release|x64.ActiveCfg = Release|x64
		{3E911EBE-0D7C-47D8-B2B5-5D4611151FE8}.Release|x64.Build.0 = Release|x64
		{3E911EBE-0D7C-47D8-B2B5-5D4611151FE8}.Release|x86.ActiveCfg = Release|Win32
		{3E911EBE-0D7C-47D8-B2B5-5D4611151FE8}.Release|x86.Build.0 = Release|Win32
		{5884F088-97F1-4D64-8A19-24989CB4D0CF}.Debug|x64.ActiveCfg = Debug|x64
		{5884F088-97F1-4D64-8A19-24989CB4D0CF}.Debug|x64.Build.0 = Debug|x64
		{5884F088-97F1-4D64-8A19-24989CB4D0CF}.Debug|x86.ActiveCfg = Debug|Win32
		{5884F088-97F1-4D64-8A19-24989CB4D0CF}.Debug|x86.Build.0 = Debug|Win32
		{5884F088-97F1-4D64-8A19-24989CB4D0CF}.Release|x64.ActiveCfg = Release|x64
		{5884F088-97F1-4D64-8A19-24989CB4D0CF}.Release|x64.Build.0 = Release|x64
		{5884F088-97F1-4D64-8A19-24989CB4D0CF}.Release|x86.ActiveCfg = Release|Win32
		{5884F088-97F1-4D64-8A19-24989CB4D0CF}.Release|x86.Build.0 = Release|Win32
		{553F6A9E-F4B1-4613-B3BF-D318A22A4C2A}.Debug|x64.ActiveCfg = Debug|x64
		{553F6A9E-F4B1-4613-B3BF-D318A22A4C2A}.Debug|x64.Build.0 = Debug|x64
		{553F6A9E-F4B1-4613-B3BF-D318A22A4C2A}.Debug|x86.ActiveCfg = Debug|Win32
		{553F6A9E-F4B1-4613-B3BF-D318A22A4C2A}.Debug|x86.Build.0 = Debug|Win32
		{553F6A9E-F4B1-4613-B3BF-D318A22A4C2A}.Release|x64.ActiveCfg = Release|x64
		{553F6A9E-F4B1-4613-B3BF-D318A22A4C2A}.Release|x64.Build.0 = Release|x64
		{553F6A9E-F4B1-4613-B3BF-D318A22A4C2A}.Release|x86.ActiveCfg = Release|Win32
		{553F6A9E-F4B1-4613-B3BF-D318A22A4C2A}.Release|x86.Build.0 = Release|Win32
	EndGlobalSection
	GlobalSection(SolutionProperties) = preSolution
		HideSolutionNode = FALSE
	EndGlobalSection
EndGlobal
